
Microsoft Visual Studio Solution File, Format Version 12.00
# Visual Studio Version 16
VisualStudioVersion = 16.0.30204.135
MinimumVisualStudioVersion = 10.0.40219.1
Project("{8BC9CEB8-8B4A-11D0-8D11-00A0C91BC942}") = "Voxl-API", "Voxl-API\Voxl-API.vcxproj", "{1022F0C7-0C88-4468-B81E-8A212BCA9C66}"
EndProject
Project("{8BC9CEB8-8B4A-11D0-8D11-00A0C91BC942}") = "Voxl-Server", "Voxl-Server\Voxl-Server.vcxproj", "{D343BA7E-6466-4230-9632-0F897A0D8F2F}"
EndProject
Project("{8BC9CEB8-8B4A-11D0-8D11-00A0C91BC942}") = "Voxl-Client", "Voxl-Client\Voxl-Client.vcxproj", "{17222E80-7CD1-433B-A4F3-FD5993179B58}"
EndProject
Global
	GlobalSection(SolutionConfigurationPlatforms) = preSolution
		Debug|x64 = Debug|x64
		Debug|x86 = Debug|x86
		Release|x64 = Release|x64
		Release|x86 = Release|x86
	EndGlobalSection
	GlobalSection(ProjectConfigurationPlatforms) = postSolution
		{1022F0C7-0C88-4468-B81E-8A212BCA9C66}.Debug|x64.ActiveCfg = Debug|x64
		{1022F0C7-0C88-4468-B81E-8A212BCA9C66}.Debug|x64.Build.0 = Debug|x64
		{1022F0C7-0C88-4468-B81E-8A212BCA9C66}.Debug|x86.ActiveCfg = Debug|x64
		{1022F0C7-0C88-4468-B81E-8A212BCA9C66}.Release|x64.ActiveCfg = Release|x64
		{1022F0C7-0C88-4468-B81E-8A212BCA9C66}.Release|x64.Build.0 = Release|x64
		{1022F0C7-0C88-4468-B81E-8A212BCA9C66}.Release|x86.ActiveCfg = Release|x64
		{D343BA7E-6466-4230-9632-0F897A0D8F2F}.Debug|x64.ActiveCfg = Debug|x64
		{D343BA7E-6466-4230-9632-0F897A0D8F2F}.Debug|x64.Build.0 = Debug|x64
		{D343BA7E-6466-4230-9632-0F897A0D8F2F}.Debug|x86.ActiveCfg = Debug|x64
		{D343BA7E-6466-4230-9632-0F897A0D8F2F}.Release|x64.ActiveCfg = Release|x64
		{D343BA7E-6466-4230-9632-0F897A0D8F2F}.Release|x64.Build.0 = Release|x64
		{D343BA7E-6466-4230-9632-0F897A0D8F2F}.Release|x86.ActiveCfg = Release|x64
		{17222E80-7CD1-433B-A4F3-FD5993179B58}.Debug|x64.ActiveCfg = Debug|x64
		{17222E80-7CD1-433B-A4F3-FD5993179B58}.Debug|x64.Build.0 = Debug|x64
		{17222E80-7CD1-433B-A4F3-FD5993179B58}.Debug|x86.ActiveCfg = Debug|x64
		{17222E80-7CD1-433B-A4F3-FD5993179B58}.Release|x64.ActiveCfg = Release|x64
		{17222E80-7CD1-433B-A4F3-FD5993179B58}.Release|x64.Build.0 = Release|x64
		{17222E80-7CD1-433B-A4F3-FD5993179B58}.Release|x86.ActiveCfg = Release|x64
	EndGlobalSection
	GlobalSection(SolutionProperties) = preSolution
		HideSolutionNode = FALSE
	EndGlobalSection
	GlobalSection(ExtensibilityGlobals) = postSolution
		SolutionGuid = {075EA8E6-5F60-4A99-8DF9-B806B8CE2377}
	EndGlobalSection
EndGlobal
